{
  "name": "income-calculator",
  "version": "0.0.0",
  "lockfileVersion": 1,
  "requires": true,
  "dependencies": {
    "ngx-color-picker": {
      "version": "5.3.3",
      "resolved": "https://registry.npmjs.org/ngx-color-picker/-/ngx-color-picker-5.3.3.tgz",
      "integrity": "sha512-popxIV1JucqRmMl9P2vUcHsn/94OR5PA/d7vGpACDrIOI81T8kEdUBlPvtAMqQXShvv3nVUmg8Wu3rslfcRxzg=="
    }
  }
}
